
Microsoft Visual Studio Solution File, Format Version 12.00
# Visual Studio 15
VisualStudioVersion = 15.0.28307.1500
MinimumVisualStudioVersion = 10.0.40219.1
Project("{FAE04EC0-301F-11D3-BF4B-00C04F79EFBC}") = "WSD_Project_CC2004V_Team08", "WSD_Project_CC2004V_Team08\WSD_Project_CC2004V_Team08.csproj", "{F1AE6563-C338-454B-96A8-80F358870B4B}"
EndProject
Global
	GlobalSection(SolutionConfigurationPlatforms) = preSolution
		Debug|Any CPU = Debug|Any CPU
		Release|Any CPU = Release|Any CPU
	EndGlobalSection
	GlobalSection(ProjectConfigurationPlatforms) = postSolution
		{F1AE6563-C338-454B-96A8-80F358870B4B}.Debug|Any CPU.ActiveCfg = Debug|Any CPU
		{F1AE6563-C338-454B-96A8-80F358870B4B}.Debug|Any CPU.Build.0 = Debug|Any CPU
		{F1AE6563-C338-454B-96A8-80F358870B4B}.Release|Any CPU.ActiveCfg = Release|Any CPU
		{F1AE6563-C338-454B-96A8-80F358870B4B}.Release|Any CPU.Build.0 = Release|Any CPU
	EndGlobalSection
	GlobalSection(SolutionProperties) = preSolution
		HideSolutionNode = FALSE
	EndGlobalSection
	GlobalSection(ExtensibilityGlobals) = postSolution
		SolutionGuid = {A91CEDC3-7F3E-40C4-A0F6-984E677C2223}
	EndGlobalSection
EndGlobal
